
Microsoft Visual Studio Solution File, Format Version 12.00
# Visual Studio Version 16
VisualStudioVersion = 16.0.30114.105
MinimumVisualStudioVersion = 10.0.40219.1
Project("{FAE04EC0-301F-11D3-BF4B-00C04F79EFBC}") = "ProducerConsumer", "ProducerConsumer\ProducerConsumer.csproj", "{CA7105EB-3261-40BC-BA96-2AEE46275F42}"
EndProject
Project("{FAE04EC0-301F-11D3-BF4B-00C04F79EFBC}") = "ShopModel", "ShopModel\ShopModel.csproj", "{F47C028A-3D36-4C7C-AF00-269766E47C61}"
EndProject
Global
	GlobalSection(SolutionConfigurationPlatforms) = preSolution
		Debug|Any CPU = Debug|Any CPU
		Release|Any CPU = Release|Any CPU
	EndGlobalSection
	GlobalSection(ProjectConfigurationPlatforms) = postSolution
		{CA7105EB-3261-40BC-BA96-2AEE46275F42}.Debug|Any CPU.ActiveCfg = Debug|Any CPU
		{CA7105EB-3261-40BC-BA96-2AEE46275F42}.Debug|Any CPU.Build.0 = Debug|Any CPU
		{CA7105EB-3261-40BC-BA96-2AEE46275F42}.Release|Any CPU.ActiveCfg = Release|Any CPU
		{CA7105EB-3261-40BC-BA96-2AEE46275F42}.Release|Any CPU.Build.0 = Release|Any CPU
		{F47C028A-3D36-4C7C-AF00-269766E47C61}.Debug|Any CPU.ActiveCfg = Debug|Any CPU
		{F47C028A-3D36-4C7C-AF00-269766E47C61}.Debug|Any CPU.Build.0 = Debug|Any CPU
		{F47C028A-3D36-4C7C-AF00-269766E47C61}.Release|Any CPU.ActiveCfg = Release|Any CPU
		{F47C028A-3D36-4C7C-AF00-269766E47C61}.Release|Any CPU.Build.0 = Release|Any CPU
	EndGlobalSection
	GlobalSection(SolutionProperties) = preSolution
		HideSolutionNode = FALSE
	EndGlobalSection
	GlobalSection(ExtensibilityGlobals) = postSolution
		SolutionGuid = {70775C30-050C-4EEC-ABCE-F831BAA39C7D}
	EndGlobalSection
EndGlobal
